
Microsoft Visual Studio Solution File, Format Version 12.00
# Visual Studio 2013
VisualStudioVersion = 12.0.31101.0
MinimumVisualStudioVersion = 10.0.40219.1
Project("{FAE04EC0-301F-11D3-BF4B-00C04F79EFBC}") = "host", "host\host.csproj", "{9A087DDD-A714-4D4D-B632-E42DB70FC5F7}"
EndProject
Project("{FAE04EC0-301F-11D3-BF4B-00C04F79EFBC}") = "model", "model\model.csproj", "{849C170A-6165-426B-909E-7EC009ABEDF9}"
EndProject
Project("{2150E333-8FDC-42A3-9474-1A3956D46DE8}") = "test", "test", "{D22008EA-6F7D-4C37-97B2-C7CFE7896629}"
EndProject
Project("{FAE04EC0-301F-11D3-BF4B-00C04F79EFBC}") = "HttpServer.Test", "test\Http\HttpServer.Test\HttpServer.Test.csproj", "{73942CF7-F838-407B-B6DC-530A2A7C41E7}"
EndProject
Project("{FAE04EC0-301F-11D3-BF4B-00C04F79EFBC}") = "HttpServer.Sample", "test\Http\HttpServer.Sample\HttpServer.Sample.csproj", "{CFD34531-3C58-463E-B09E-6E4655DF627C}"
EndProject
Project("{FAE04EC0-301F-11D3-BF4B-00C04F79EFBC}") = "Tutorial", "test\Http\Tutorial\Tutorial.csproj", "{C379A635-DBED-4E0D-AB9A-D9B1AE9B6512}"
EndProject
Project("{2150E333-8FDC-42A3-9474-1A3956D46DE8}") = "http", "http", "{5ADA3868-B1D6-4CA0-A6B0-357872F6019C}"
EndProject
Project("{FAE04EC0-301F-11D3-BF4B-00C04F79EFBC}") = "HttpServer", "test\Http\HttpServer\HttpServer.csproj", "{455E7D70-1C85-4D7F-9F01-DC801B8B8C34}"
EndProject
Project("{FAE04EC0-301F-11D3-BF4B-00C04F79EFBC}") = "HttpServer.MVC", "test\Http\HttpServer.MVC\HttpServer.MVC.csproj", "{183517F9-06E6-4C06-A6F2-D5A98B440F34}"
EndProject
Project("{2150E333-8FDC-42A3-9474-1A3956D46DE8}") = "pipe", "pipe", "{68E5BC0E-C297-45D6-BA42-CA1E010B9491}"
EndProject
Project("{FAE04EC0-301F-11D3-BF4B-00C04F79EFBC}") = "NamedPipeWrapper", "test\Pipe\NamedPipeWrapper\NamedPipeWrapper.csproj", "{73152691-3CDE-46DF-8D04-7117747DFFE7}"
EndProject
Project("{FAE04EC0-301F-11D3-BF4B-00C04F79EFBC}") = "ExampleGUI", "test\Pipe\ExampleGUI\ExampleGUI.csproj", "{199E5EF6-D1FA-4662-BDD4-1D49A747AFF9}"
EndProject
Project("{FAE04EC0-301F-11D3-BF4B-00C04F79EFBC}") = "ExampleCLI", "test\Pipe\ExampleCLI\ExampleCLI.csproj", "{82BCEFD9-194E-4FF7-A28B-CA1AE2A87BAC}"
EndProject
Project("{2150E333-8FDC-42A3-9474-1A3956D46DE8}") = "array", "array", "{045A3CC9-4BA9-4316-AD34-FE454463D0C4}"
EndProject
Project("{FAE04EC0-301F-11D3-BF4B-00C04F79EFBC}") = "test_big_array1", "test\array\test_big_array1\test_big_array1.csproj", "{0F65A8FC-60CE-454A-AE30-395B12FF5178}"
EndProject
Project("{FAE04EC0-301F-11D3-BF4B-00C04F79EFBC}") = "core", "core\core.csproj", "{D68AA7C4-0FCD-4503-81EC-DA23875D35FD}"
EndProject
Global
	GlobalSection(SolutionConfigurationPlatforms) = preSolution
		Debug|Any CPU = Debug|Any CPU
		Debug|x86 = Debug|x86
		Release|Any CPU = Release|Any CPU
		Release|x86 = Release|x86
		Test|Any CPU = Test|Any CPU
		Test|x86 = Test|x86
	EndGlobalSection
	GlobalSection(ProjectConfigurationPlatforms) = postSolution
		{9A087DDD-A714-4D4D-B632-E42DB70FC5F7}.Debug|Any CPU.ActiveCfg = Debug|Any CPU
		{9A087DDD-A714-4D4D-B632-E42DB70FC5F7}.Debug|Any CPU.Build.0 = Debug|Any CPU
		{9A087DDD-A714-4D4D-B632-E42DB70FC5F7}.Debug|x86.ActiveCfg = Debug|Any CPU
		{9A087DDD-A714-4D4D-B632-E42DB70FC5F7}.Release|Any CPU.ActiveCfg = Release|Any CPU
		{9A087DDD-A714-4D4D-B632-E42DB70FC5F7}.Release|Any CPU.Build.0 = Release|Any CPU
		{9A087DDD-A714-4D4D-B632-E42DB70FC5F7}.Release|x86.ActiveCfg = Release|Any CPU
		{9A087DDD-A714-4D4D-B632-E42DB70FC5F7}.Test|Any CPU.ActiveCfg = Release|Any CPU
		{9A087DDD-A714-4D4D-B632-E42DB70FC5F7}.Test|Any CPU.Build.0 = Release|Any CPU
		{9A087DDD-A714-4D4D-B632-E42DB70FC5F7}.Test|x86.ActiveCfg = Release|Any CPU
		{849C170A-6165-426B-909E-7EC009ABEDF9}.Debug|Any CPU.ActiveCfg = Debug|Any CPU
		{849C170A-6165-426B-909E-7EC009ABEDF9}.Debug|Any CPU.Build.0 = Debug|Any CPU
		{849C170A-6165-426B-909E-7EC009ABEDF9}.Debug|x86.ActiveCfg = Debug|Any CPU
		{849C170A-6165-426B-909E-7EC009ABEDF9}.Release|Any CPU.ActiveCfg = Release|Any CPU
		{849C170A-6165-426B-909E-7EC009ABEDF9}.Release|Any CPU.Build.0 = Release|Any CPU
		{849C170A-6165-426B-909E-7EC009ABEDF9}.Release|x86.ActiveCfg = Release|Any CPU
		{849C170A-6165-426B-909E-7EC009ABEDF9}.Test|Any CPU.ActiveCfg = Release|Any CPU
		{849C170A-6165-426B-909E-7EC009ABEDF9}.Test|Any CPU.Build.0 = Release|Any CPU
		{849C170A-6165-426B-909E-7EC009ABEDF9}.Test|x86.ActiveCfg = Release|Any CPU
		{73942CF7-F838-407B-B6DC-530A2A7C41E7}.Debug|Any CPU.ActiveCfg = Debug|Any CPU
		{73942CF7-F838-407B-B6DC-530A2A7C41E7}.Debug|Any CPU.Build.0 = Debug|Any CPU
		{73942CF7-F838-407B-B6DC-530A2A7C41E7}.Debug|x86.ActiveCfg = Debug|Any CPU
		{73942CF7-F838-407B-B6DC-530A2A7C41E7}.Release|Any CPU.ActiveCfg = Release|Any CPU
		{73942CF7-F838-407B-B6DC-530A2A7C41E7}.Release|Any CPU.Build.0 = Release|Any CPU
		{73942CF7-F838-407B-B6DC-530A2A7C41E7}.Release|x86.ActiveCfg = Release|Any CPU
		{73942CF7-F838-407B-B6DC-530A2A7C41E7}.Test|Any CPU.ActiveCfg = Test|Any CPU
		{73942CF7-F838-407B-B6DC-530A2A7C41E7}.Test|Any CPU.Build.0 = Test|Any CPU
		{73942CF7-F838-407B-B6DC-530A2A7C41E7}.Test|x86.ActiveCfg = Test|Any CPU
		{CFD34531-3C58-463E-B09E-6E4655DF627C}.Debug|Any CPU.ActiveCfg = Debug|Any CPU
		{CFD34531-3C58-463E-B09E-6E4655DF627C}.Debug|Any CPU.Build.0 = Debug|Any CPU
		{CFD34531-3C58-463E-B09E-6E4655DF627C}.Debug|x86.ActiveCfg = Debug|Any CPU
		{CFD34531-3C58-463E-B09E-6E4655DF627C}.Release|Any CPU.ActiveCfg = Release|Any CPU
		{CFD34531-3C58-463E-B09E-6E4655DF627C}.Release|Any CPU.Build.0 = Release|Any CPU
		{CFD34531-3C58-463E-B09E-6E4655DF627C}.Release|x86.ActiveCfg = Release|Any CPU
		{CFD34531-3C58-463E-B09E-6E4655DF627C}.Test|Any CPU.ActiveCfg = Test|Any CPU
		{CFD34531-3C58-463E-B09E-6E4655DF627C}.Test|Any CPU.Build.0 = Test|Any CPU
		{CFD34531-3C58-463E-B09E-6E4655DF627C}.Test|x86.ActiveCfg = Test|Any CPU
		{C379A635-DBED-4E0D-AB9A-D9B1AE9B6512}.Debug|Any CPU.ActiveCfg = Debug|Any CPU
		{C379A635-DBED-4E0D-AB9A-D9B1AE9B6512}.Debug|Any CPU.Build.0 = Debug|Any CPU
		{C379A635-DBED-4E0D-AB9A-D9B1AE9B6512}.Debug|x86.ActiveCfg = Debug|Any CPU
		{C379A635-DBED-4E0D-AB9A-D9B1AE9B6512}.Release|Any CPU.ActiveCfg = Release|Any CPU
		{C379A635-DBED-4E0D-AB9A-D9B1AE9B6512}.Release|Any CPU.Build.0 = Release|Any CPU
		{C379A635-DBED-4E0D-AB9A-D9B1AE9B6512}.Release|x86.ActiveCfg = Release|Any CPU
		{C379A635-DBED-4E0D-AB9A-D9B1AE9B6512}.Test|Any CPU.ActiveCfg = Test|Any CPU
		{C379A635-DBED-4E0D-AB9A-D9B1AE9B6512}.Test|Any CPU.Build.0 = Test|Any CPU
		{C379A635-DBED-4E0D-AB9A-D9B1AE9B6512}.Test|x86.ActiveCfg = Test|Any CPU
		{455E7D70-1C85-4D7F-9F01-DC801B8B8C34}.Debug|Any CPU.ActiveCfg = Debug|Any CPU
		{455E7D70-1C85-4D7F-9F01-DC801B8B8C34}.Debug|Any CPU.Build.0 = Debug|Any CPU
		{455E7D70-1C85-4D7F-9F01-DC801B8B8C34}.Debug|x86.ActiveCfg = Debug|Any CPU
		{455E7D70-1C85-4D7F-9F01-DC801B8B8C34}.Release|Any CPU.ActiveCfg = Release|Any CPU
		{455E7D70-1C85-4D7F-9F01-DC801B8B8C34}.Release|Any CPU.Build.0 = Release|Any CPU
		{455E7D70-1C85-4D7F-9F01-DC801B8B8C34}.Release|x86.ActiveCfg = Release|Any CPU
		{455E7D70-1C85-4D7F-9F01-DC801B8B8C34}.Test|Any CPU.ActiveCfg = Test|Any CPU
		{455E7D70-1C85-4D7F-9F01-DC801B8B8C34}.Test|Any CPU.Build.0 = Test|Any CPU
		{455E7D70-1C85-4D7F-9F01-DC801B8B8C34}.Test|x86.ActiveCfg = Test|Any CPU
		{183517F9-06E6-4C06-A6F2-D5A98B440F34}.Debug|Any CPU.ActiveCfg = Debug|Any CPU
		{183517F9-06E6-4C06-A6F2-D5A98B440F34}.Debug|Any CPU.Build.0 = Debug|Any CPU
		{183517F9-06E6-4C06-A6F2-D5A98B440F34}.Debug|x86.ActiveCfg = Debug|Any CPU
		{183517F9-06E6-4C06-A6F2-D5A98B440F34}.Release|Any CPU.ActiveCfg = Release|Any CPU
		{183517F9-06E6-4C06-A6F2-D5A98B440F34}.Release|Any CPU.Build.0 = Release|Any CPU
		{183517F9-06E6-4C06-A6F2-D5A98B440F34}.Release|x86.ActiveCfg = Release|Any CPU
		{183517F9-06E6-4C06-A6F2-D5A98B440F34}.Test|Any CPU.ActiveCfg = Release|Any CPU
		{183517F9-06E6-4C06-A6F2-D5A98B440F34}.Test|Any CPU.Build.0 = Release|Any CPU
		{183517F9-06E6-4C06-A6F2-D5A98B440F34}.Test|x86.ActiveCfg = Release|Any CPU
		{73152691-3CDE-46DF-8D04-7117747DFFE7}.Debug|Any CPU.ActiveCfg = Debug|Any CPU
		{73152691-3CDE-46DF-8D04-7117747DFFE7}.Debug|Any CPU.Build.0 = Debug|Any CPU
		{73152691-3CDE-46DF-8D04-7117747DFFE7}.Debug|x86.ActiveCfg = Debug|Any CPU
		{73152691-3CDE-46DF-8D04-7117747DFFE7}.Release|Any CPU.ActiveCfg = Release|Any CPU
		{73152691-3CDE-46DF-8D04-7117747DFFE7}.Release|Any CPU.Build.0 = Release|Any CPU
		{73152691-3CDE-46DF-8D04-7117747DFFE7}.Release|x86.ActiveCfg = Release|Any CPU
		{73152691-3CDE-46DF-8D04-7117747DFFE7}.Test|Any CPU.ActiveCfg = Release|Any CPU
		{73152691-3CDE-46DF-8D04-7117747DFFE7}.Test|Any CPU.Build.0 = Release|Any CPU
		{73152691-3CDE-46DF-8D04-7117747DFFE7}.Test|x86.ActiveCfg = Release|Any CPU
		{199E5EF6-D1FA-4662-BDD4-1D49A747AFF9}.Debug|Any CPU.ActiveCfg = Debug|Any CPU
		{199E5EF6-D1FA-4662-BDD4-1D49A747AFF9}.Debug|Any CPU.Build.0 = Debug|Any CPU
		{199E5EF6-D1FA-4662-BDD4-1D49A747AFF9}.Debug|x86.ActiveCfg = Debug|x86
		{199E5EF6-D1FA-4662-BDD4-1D49A747AFF9}.Debug|x86.Build.0 = Debug|x86
		{199E5EF6-D1FA-4662-BDD4-1D49A747AFF9}.Release|Any CPU.ActiveCfg = Release|Any CPU
		{199E5EF6-D1FA-4662-BDD4-1D49A747AFF9}.Release|Any CPU.Build.0 = Release|Any CPU
		{199E5EF6-D1FA-4662-BDD4-1D49A747AFF9}.Release|x86.ActiveCfg = Release|x86
		{199E5EF6-D1FA-4662-BDD4-1D49A747AFF9}.Release|x86.Build.0 = Release|x86
		{199E5EF6-D1FA-4662-BDD4-1D49A747AFF9}.Test|Any CPU.ActiveCfg = Release|Any CPU
		{199E5EF6-D1FA-4662-BDD4-1D49A747AFF9}.Test|Any CPU.Build.0 = Release|Any CPU
		{199E5EF6-D1FA-4662-BDD4-1D49A747AFF9}.Test|x86.ActiveCfg = Release|x86
		{199E5EF6-D1FA-4662-BDD4-1D49A747AFF9}.Test|x86.Build.0 = Release|x86
		{82BCEFD9-194E-4FF7-A28B-CA1AE2A87BAC}.Debug|Any CPU.ActiveCfg = Debug|Any CPU
		{82BCEFD9-194E-4FF7-A28B-CA1AE2A87BAC}.Debug|Any CPU.Build.0 = Debug|Any CPU
		{82BCEFD9-194E-4FF7-A28B-CA1AE2A87BAC}.Debug|x86.ActiveCfg = Debug|x86
		{82BCEFD9-194E-4FF7-A28B-CA1AE2A87BAC}.Debug|x86.Build.0 = Debug|x86
		{82BCEFD9-194E-4FF7-A28B-CA1AE2A87BAC}.Release|Any CPU.ActiveCfg = Release|Any CPU
		{82BCEFD9-194E-4FF7-A28B-CA1AE2A87BAC}.Release|Any CPU.Build.0 = Release|Any CPU
		{82BCEFD9-194E-4FF7-A28B-CA1AE2A87BAC}.Release|x86.ActiveCfg = Release|x86
		{82BCEFD9-194E-4FF7-A28B-CA1AE2A87BAC}.Release|x86.Build.0 = Release|x86
		{82BCEFD9-194E-4FF7-A28B-CA1AE2A87BAC}.Test|Any CPU.ActiveCfg = Release|Any CPU
		{82BCEFD9-194E-4FF7-A28B-CA1AE2A87BAC}.Test|Any CPU.Build.0 = Release|Any CPU
		{82BCEFD9-194E-4FF7-A28B-CA1AE2A87BAC}.Test|x86.ActiveCfg = Release|x86
		{82BCEFD9-194E-4FF7-A28B-CA1AE2A87BAC}.Test|x86.Build.0 = Release|x86
		{0F65A8FC-60CE-454A-AE30-395B12FF5178}.Debug|Any CPU.ActiveCfg = Debug|Any CPU
		{0F65A8FC-60CE-454A-AE30-395B12FF5178}.Debug|Any CPU.Build.0 = Debug|Any CPU
		{0F65A8FC-60CE-454A-AE30-395B12FF5178}.Debug|x86.ActiveCfg = Debug|Any CPU
		{0F65A8FC-60CE-454A-AE30-395B12FF5178}.Release|Any CPU.ActiveCfg = Release|Any CPU
		{0F65A8FC-60CE-454A-AE30-395B12FF5178}.Release|Any CPU.Build.0 = Release|Any CPU
		{0F65A8FC-60CE-454A-AE30-395B12FF5178}.Release|x86.ActiveCfg = Release|Any CPU
		{0F65A8FC-60CE-454A-AE30-395B12FF5178}.Test|Any CPU.ActiveCfg = Release|Any CPU
		{0F65A8FC-60CE-454A-AE30-395B12FF5178}.Test|Any CPU.Build.0 = Release|Any CPU
		{0F65A8FC-60CE-454A-AE30-395B12FF5178}.Test|x86.ActiveCfg = Release|Any CPU
		{D68AA7C4-0FCD-4503-81EC-DA23875D35FD}.Debug|Any CPU.ActiveCfg = Debug|Any CPU
		{D68AA7C4-0FCD-4503-81EC-DA23875D35FD}.Debug|Any CPU.Build.0 = Debug|Any CPU
		{D68AA7C4-0FCD-4503-81EC-DA23875D35FD}.Debug|x86.ActiveCfg = Debug|Any CPU
		{D68AA7C4-0FCD-4503-81EC-DA23875D35FD}.Release|Any CPU.ActiveCfg = Release|Any CPU
		{D68AA7C4-0FCD-4503-81EC-DA23875D35FD}.Release|Any CPU.Build.0 = Release|Any CPU
		{D68AA7C4-0FCD-4503-81EC-DA23875D35FD}.Release|x86.ActiveCfg = Release|Any CPU
		{D68AA7C4-0FCD-4503-81EC-DA23875D35FD}.Test|Any CPU.ActiveCfg = Release|Any CPU
		{D68AA7C4-0FCD-4503-81EC-DA23875D35FD}.Test|Any CPU.Build.0 = Release|Any CPU
		{D68AA7C4-0FCD-4503-81EC-DA23875D35FD}.Test|x86.ActiveCfg = Release|Any CPU
	EndGlobalSection
	GlobalSection(SolutionProperties) = preSolution
		HideSolutionNode = FALSE
	EndGlobalSection
	GlobalSection(NestedProjects) = preSolution
		{73942CF7-F838-407B-B6DC-530A2A7C41E7} = {5ADA3868-B1D6-4CA0-A6B0-357872F6019C}
		{CFD34531-3C58-463E-B09E-6E4655DF627C} = {5ADA3868-B1D6-4CA0-A6B0-357872F6019C}
		{C379A635-DBED-4E0D-AB9A-D9B1AE9B6512} = {5ADA3868-B1D6-4CA0-A6B0-357872F6019C}
		{5ADA3868-B1D6-4CA0-A6B0-357872F6019C} = {D22008EA-6F7D-4C37-97B2-C7CFE7896629}
		{455E7D70-1C85-4D7F-9F01-DC801B8B8C34} = {5ADA3868-B1D6-4CA0-A6B0-357872F6019C}
		{183517F9-06E6-4C06-A6F2-D5A98B440F34} = {5ADA3868-B1D6-4CA0-A6B0-357872F6019C}
		{68E5BC0E-C297-45D6-BA42-CA1E010B9491} = {D22008EA-6F7D-4C37-97B2-C7CFE7896629}
		{73152691-3CDE-46DF-8D04-7117747DFFE7} = {68E5BC0E-C297-45D6-BA42-CA1E010B9491}
		{199E5EF6-D1FA-4662-BDD4-1D49A747AFF9} = {68E5BC0E-C297-45D6-BA42-CA1E010B9491}
		{82BCEFD9-194E-4FF7-A28B-CA1AE2A87BAC} = {68E5BC0E-C297-45D6-BA42-CA1E010B9491}
		{045A3CC9-4BA9-4316-AD34-FE454463D0C4} = {D22008EA-6F7D-4C37-97B2-C7CFE7896629}
		{0F65A8FC-60CE-454A-AE30-395B12FF5178} = {045A3CC9-4BA9-4316-AD34-FE454463D0C4}
	EndGlobalSection
EndGlobal
